// !$*UTF8*$!
{
	archiveVersion = 1;
	classes = {
	};
	objectVersion = 51;
	objects = {

/* Begin PBXBuildFile section */
		61208AA223504A7900271BF7 /* testViewController.swift in Sources */ = {isa = PBXBuildFile; fileRef = 61208AA123504A7900271BF7 /* testViewController.swift */; };
		61208AA4235054D200271BF7 /* Podfile in Resources */ = {isa = PBXBuildFile; fileRef = 61208AA3235054D200271BF7 /* Podfile */; };
		6146114C233AFFDE003DCBEC /* AppDelegate.swift in Sources */ = {isa = PBXBuildFile; fileRef = 6146114B233AFFDE003DCBEC /* AppDelegate.swift */; };
		6146114E233AFFDE003DCBEC /* SceneDelegate.swift in Sources */ = {isa = PBXBuildFile; fileRef = 6146114D233AFFDE003DCBEC /* SceneDelegate.swift */; };
		61461150233AFFDE003DCBEC /* ViewController.swift in Sources */ = {isa = PBXBuildFile; fileRef = 6146114F233AFFDE003DCBEC /* ViewController.swift */; };
		61461153233AFFDE003DCBEC /* Main.storyboard in Resources */ = {isa = PBXBuildFile; fileRef = 61461151233AFFDE003DCBEC /* Main.storyboard */; };
		61461155233AFFDF003DCBEC /* Assets.xcassets in Resources */ = {isa = PBXBuildFile; fileRef = 61461154233AFFDF003DCBEC /* Assets.xcassets */; };
		61461158233AFFDF003DCBEC /* LaunchScreen.storyboard in Resources */ = {isa = PBXBuildFile; fileRef = 61461156233AFFDF003DCBEC /* LaunchScreen.storyboard */; };
		61461163233AFFDF003DCBEC /* enpit_test2_pgTests.swift in Sources */ = {isa = PBXBuildFile; fileRef = 61461162233AFFDF003DCBEC /* enpit_test2_pgTests.swift */; };
		6146116E233AFFDF003DCBEC /* enpit_test2_pgUITests.swift in Sources */ = {isa = PBXBuildFile; fileRef = 6146116D233AFFDF003DCBEC /* enpit_test2_pgUITests.swift */; };
		615A83A6234774E200F07F4E /* AddController.swift in Sources */ = {isa = PBXBuildFile; fileRef = 615A83A5234774E200F07F4E /* AddController.swift */; };
		615A83A82347774B00F07F4E /* BookViewController.swift in Sources */ = {isa = PBXBuildFile; fileRef = 615A83A72347774B00F07F4E /* BookViewController.swift */; };
		87F4002D141B92FD9D231149 /* Pods_enpit_maxuv.framework in Frameworks */ = {isa = PBXBuildFile; fileRef = CB44EB51286DE886E956F2EC /* Pods_enpit_maxuv.framework */; };
/* End PBXBuildFile section */

/* Begin PBXContainerItemProxy section */
		6146115F233AFFDF003DCBEC /* PBXContainerItemProxy */ = {
			isa = PBXContainerItemProxy;
			containerPortal = 61461140233AFFDE003DCBEC /* Project object */;
			proxyType = 1;
			remoteGlobalIDString = 61461147233AFFDE003DCBEC;
			remoteInfo = enpit_test2_pg;
		};
		6146116A233AFFDF003DCBEC /* PBXContainerItemProxy */ = {
			isa = PBXContainerItemProxy;
			containerPortal = 61461140233AFFDE003DCBEC /* Project object */;
			proxyType = 1;
			remoteGlobalIDString = 61461147233AFFDE003DCBEC;
			remoteInfo = enpit_test2_pg;
		};
/* End PBXContainerItemProxy section */

/* Begin PBXFileReference section */
		504EF1EE2BBD5BA7182AA831 /* Pods-enpit_maxuv.debug.xcconfig */ = {isa = PBXFileReference; includeInIndex = 1; lastKnownFileType = text.xcconfig; name = "Pods-enpit_maxuv.debug.xcconfig"; path = "Target Support Files/Pods-enpit_maxuv/Pods-enpit_maxuv.debug.xcconfig"; sourceTree = "<group>"; };
		61208AA123504A7900271BF7 /* testViewController.swift */ = {isa = PBXFileReference; lastKnownFileType = sourcecode.swift; path = testViewController.swift; sourceTree = "<group>"; };
		61208AA3235054D200271BF7 /* Podfile */ = {isa = PBXFileReference; explicitFileType = text; path = Podfile; sourceTree = "<group>"; xcLanguageSpecificationIdentifier = xcode.lang.ruby; };
		61461148233AFFDE003DCBEC /* BookLog.app */ = {isa = PBXFileReference; explicitFileType = wrapper.application; includeInIndex = 0; path = BookLog.app; sourceTree = BUILT_PRODUCTS_DIR; };
		6146114B233AFFDE003DCBEC /* AppDelegate.swift */ = {isa = PBXFileReference; lastKnownFileType = sourcecode.swift; path = AppDelegate.swift; sourceTree = "<group>"; };
		6146114D233AFFDE003DCBEC /* SceneDelegate.swift */ = {isa = PBXFileReference; lastKnownFileType = sourcecode.swift; path = SceneDelegate.swift; sourceTree = "<group>"; };
		6146114F233AFFDE003DCBEC /* ViewController.swift */ = {isa = PBXFileReference; lastKnownFileType = sourcecode.swift; path = ViewController.swift; sourceTree = "<group>"; };
		61461152233AFFDE003DCBEC /* Base */ = {isa = PBXFileReference; lastKnownFileType = file.storyboard; name = Base; path = Base.lproj/Main.storyboard; sourceTree = "<group>"; };
		61461154233AFFDF003DCBEC /* Assets.xcassets */ = {isa = PBXFileReference; lastKnownFileType = folder.assetcatalog; path = Assets.xcassets; sourceTree = "<group>"; };
		61461157233AFFDF003DCBEC /* Base */ = {isa = PBXFileReference; lastKnownFileType = file.storyboard; name = Base; path = Base.lproj/LaunchScreen.storyboard; sourceTree = "<group>"; };
		61461159233AFFDF003DCBEC /* Info.plist */ = {isa = PBXFileReference; lastKnownFileType = text.plist.xml; path = Info.plist; sourceTree = "<group>"; };
		6146115E233AFFDF003DCBEC /* enpit_maxuvTests.xctest */ = {isa = PBXFileReference; explicitFileType = wrapper.cfbundle; includeInIndex = 0; path = enpit_maxuvTests.xctest; sourceTree = BUILT_PRODUCTS_DIR; };
		61461162233AFFDF003DCBEC /* enpit_test2_pgTests.swift */ = {isa = PBXFileReference; lastKnownFileType = sourcecode.swift; path = enpit_test2_pgTests.swift; sourceTree = "<group>"; };
		61461164233AFFDF003DCBEC /* Info.plist */ = {isa = PBXFileReference; lastKnownFileType = text.plist.xml; path = Info.plist; sourceTree = "<group>"; };
		61461169233AFFDF003DCBEC /* enpit_maxuvUITests.xctest */ = {isa = PBXFileReference; explicitFileType = wrapper.cfbundle; includeInIndex = 0; path = enpit_maxuvUITests.xctest; sourceTree = BUILT_PRODUCTS_DIR; };
		6146116D233AFFDF003DCBEC /* enpit_test2_pgUITests.swift */ = {isa = PBXFileReference; lastKnownFileType = sourcecode.swift; path = enpit_test2_pgUITests.swift; sourceTree = "<group>"; };
		6146116F233AFFDF003DCBEC /* Info.plist */ = {isa = PBXFileReference; lastKnownFileType = text.plist.xml; path = Info.plist; sourceTree = "<group>"; };
		615A83A5234774E200F07F4E /* AddController.swift */ = {isa = PBXFileReference; lastKnownFileType = sourcecode.swift; path = AddController.swift; sourceTree = "<group>"; };
		615A83A72347774B00F07F4E /* BookViewController.swift */ = {isa = PBXFileReference; lastKnownFileType = sourcecode.swift; path = BookViewController.swift; sourceTree = "<group>"; };
		CB44EB51286DE886E956F2EC /* Pods_enpit_maxuv.framework */ = {isa = PBXFileReference; explicitFileType = wrapper.framework; includeInIndex = 0; path = Pods_enpit_maxuv.framework; sourceTree = BUILT_PRODUCTS_DIR; };
		D34D65EB0181BE3E2A33AEEC /* Pods-enpit_maxuv.release.xcconfig */ = {isa = PBXFileReference; includeInIndex = 1; lastKnownFileType = text.xcconfig; name = "Pods-enpit_maxuv.release.xcconfig"; path = "Target Support Files/Pods-enpit_maxuv/Pods-enpit_maxuv.release.xcconfig"; sourceTree = "<group>"; };
/* End PBXFileReference section */

/* Begin PBXFrameworksBuildPhase section */
		61461145233AFFDE003DCBEC /* Frameworks */ = {
			isa = PBXFrameworksBuildPhase;
			buildActionMask = 2147483647;
			files = (
				87F4002D141B92FD9D231149 /* Pods_enpit_maxuv.framework in Frameworks */,
			);
			runOnlyForDeploymentPostprocessing = 0;
		};
		6146115B233AFFDF003DCBEC /* Frameworks */ = {
			isa = PBXFrameworksBuildPhase;
			buildActionMask = 2147483647;
			files = (
			);
			runOnlyForDeploymentPostprocessing = 0;
		};
		61461166233AFFDF003DCBEC /* Frameworks */ = {
			isa = PBXFrameworksBuildPhase;
			buildActionMask = 2147483647;
			files = (
			);
			runOnlyForDeploymentPostprocessing = 0;
		};
/* End PBXFrameworksBuildPhase section */

/* Begin PBXGroup section */
		6146113F233AFFDE003DCBEC = {
			isa = PBXGroup;
			children = (
				61208AA3235054D200271BF7 /* Podfile */,
				6146114A233AFFDE003DCBEC /* enpit_test2_pg */,
				61461161233AFFDF003DCBEC /* enpit_test2_pgTests */,
				6146116C233AFFDF003DCBEC /* enpit_test2_pgUITests */,
				61461149233AFFDE003DCBEC /* Products */,
				F5BA7CBD75B98BC85546D36A /* Pods */,
				AAB29447D990130F2BDA7C10 /* Frameworks */,
			);
			sourceTree = "<group>";
		};
		61461149233AFFDE003DCBEC /* Products */ = {
			isa = PBXGroup;
			children = (
				61461148233AFFDE003DCBEC /* BookLog.app */,
				6146115E233AFFDF003DCBEC /* enpit_maxuvTests.xctest */,
				61461169233AFFDF003DCBEC /* enpit_maxuvUITests.xctest */,
			);
			name = Products;
			sourceTree = "<group>";
		};
		6146114A233AFFDE003DCBEC /* enpit_test2_pg */ = {
			isa = PBXGroup;
			children = (
				615A83A5234774E200F07F4E /* AddController.swift */,
				615A83A72347774B00F07F4E /* BookViewController.swift */,
				61208AA123504A7900271BF7 /* testViewController.swift */,
				6146114B233AFFDE003DCBEC /* AppDelegate.swift */,
				6146114D233AFFDE003DCBEC /* SceneDelegate.swift */,
				6146114F233AFFDE003DCBEC /* ViewController.swift */,
				61461151233AFFDE003DCBEC /* Main.storyboard */,
				61461154233AFFDF003DCBEC /* Assets.xcassets */,
				61461156233AFFDF003DCBEC /* LaunchScreen.storyboard */,
				61461159233AFFDF003DCBEC /* Info.plist */,
			);
			path = enpit_test2_pg;
			sourceTree = "<group>";
		};
		61461161233AFFDF003DCBEC /* enpit_test2_pgTests */ = {
			isa = PBXGroup;
			children = (
				61461162233AFFDF003DCBEC /* enpit_test2_pgTests.swift */,
				61461164233AFFDF003DCBEC /* Info.plist */,
			);
			path = enpit_test2_pgTests;
			sourceTree = "<group>";
		};
		6146116C233AFFDF003DCBEC /* enpit_test2_pgUITests */ = {
			isa = PBXGroup;
			children = (
				6146116D233AFFDF003DCBEC /* enpit_test2_pgUITests.swift */,
				6146116F233AFFDF003DCBEC /* Info.plist */,
			);
			path = enpit_test2_pgUITests;
			sourceTree = "<group>";
		};
		AAB29447D990130F2BDA7C10 /* Frameworks */ = {
			isa = PBXGroup;
			children = (
				CB44EB51286DE886E956F2EC /* Pods_enpit_maxuv.framework */,
			);
			name = Frameworks;
			sourceTree = "<group>";
		};
		F5BA7CBD75B98BC85546D36A /* Pods */ = {
			isa = PBXGroup;
			children = (
				504EF1EE2BBD5BA7182AA831 /* Pods-enpit_maxuv.debug.xcconfig */,
				D34D65EB0181BE3E2A33AEEC /* Pods-enpit_maxuv.release.xcconfig */,
			);
			path = Pods;
			sourceTree = "<group>";
		};
/* End PBXGroup section */

/* Begin PBXNativeTarget section */
		61461147233AFFDE003DCBEC /* enpit_maxuv */ = {
			isa = PBXNativeTarget;
			buildConfigurationList = 61461172233AFFDF003DCBEC /* Build configuration list for PBXNativeTarget "enpit_maxuv" */;
			buildPhases = (
				20C2212AA707A4E3F48E48A0 /* [CP] Check Pods Manifest.lock */,
				61461144233AFFDE003DCBEC /* Sources */,
				61461145233AFFDE003DCBEC /* Frameworks */,
				61461146233AFFDE003DCBEC /* Resources */,
				6C565320AB29A6531DE87646 /* [CP] Embed Pods Frameworks */,
			);
			buildRules = (
			);
			dependencies = (
			);
			name = enpit_maxuv;
			productName = enpit_test2_pg;
			productReference = 61461148233AFFDE003DCBEC /* BookLog.app */;
			productType = "com.apple.product-type.application";
		};
		6146115D233AFFDF003DCBEC /* enpit_maxuvTests */ = {
			isa = PBXNativeTarget;
			buildConfigurationList = 61461175233AFFDF003DCBEC /* Build configuration list for PBXNativeTarget "enpit_maxuvTests" */;
			buildPhases = (
				6146115A233AFFDF003DCBEC /* Sources */,
				6146115B233AFFDF003DCBEC /* Frameworks */,
				6146115C233AFFDF003DCBEC /* Resources */,
			);
			buildRules = (
			);
			dependencies = (
				61461160233AFFDF003DCBEC /* PBXTargetDependency */,
			);
			name = enpit_maxuvTests;
			productName = enpit_test2_pgTests;
			productReference = 6146115E233AFFDF003DCBEC /* enpit_maxuvTests.xctest */;
			productType = "com.apple.product-type.bundle.unit-test";
		};
		61461168233AFFDF003DCBEC /* enpit_maxuvUITests */ = {
			isa = PBXNativeTarget;
			buildConfigurationList = 61461178233AFFDF003DCBEC /* Build configuration list for PBXNativeTarget "enpit_maxuvUITests" */;
			buildPhases = (
				61461165233AFFDF003DCBEC /* Sources */,
				61461166233AFFDF003DCBEC /* Frameworks */,
				61461167233AFFDF003DCBEC /* Resources */,
			);
			buildRules = (
			);
			dependencies = (
				6146116B233AFFDF003DCBEC /* PBXTargetDependency */,
			);
			name = enpit_maxuvUITests;
			productName = enpit_test2_pgUITests;
			productReference = 61461169233AFFDF003DCBEC /* enpit_maxuvUITests.xctest */;
			productType = "com.apple.product-type.bundle.ui-testing";
		};
/* End PBXNativeTarget section */

/* Begin PBXProject section */
		61461140233AFFDE003DCBEC /* Project object */ = {
			isa = PBXProject;
			attributes = {
				LastSwiftUpdateCheck = 1100;
				LastUpgradeCheck = 1100;
				ORGANIZATIONNAME = "uehara kazuma";
				TargetAttributes = {
					61461147233AFFDE003DCBEC = {
						CreatedOnToolsVersion = 11.0;
					};
					6146115D233AFFDF003DCBEC = {
						CreatedOnToolsVersion = 11.0;
						TestTargetID = 61461147233AFFDE003DCBEC;
					};
					61461168233AFFDF003DCBEC = {
						CreatedOnToolsVersion = 11.0;
						TestTargetID = 61461147233AFFDE003DCBEC;
					};
				};
			};
			buildConfigurationList = 61461143233AFFDE003DCBEC /* Build configuration list for PBXProject "enpit_maxuv" */;
			compatibilityVersion = "Xcode 9.3";
			developmentRegion = en;
			hasScannedForEncodings = 0;
			knownRegions = (
				en,
				Base,
			);
			mainGroup = 6146113F233AFFDE003DCBEC;
			productRefGroup = 61461149233AFFDE003DCBEC /* Products */;
			projectDirPath = "";
			projectRoot = "";
			targets = (
				61461147233AFFDE003DCBEC /* enpit_maxuv */,
				6146115D233AFFDF003DCBEC /* enpit_maxuvTests */,
				61461168233AFFDF003DCBEC /* enpit_maxuvUITests */,
			);
		};
/* End PBXProject section */

/* Begin PBXResourcesBuildPhase section */
		61461146233AFFDE003DCBEC /* Resources */ = {
			isa = PBXResourcesBuildPhase;
			buildActionMask = 2147483647;
			files = (
				61461158233AFFDF003DCBEC /* LaunchScreen.storyboard in Resources */,
				61461155233AFFDF003DCBEC /* Assets.xcassets in Resources */,
				61461153233AFFDE003DCBEC /* Main.storyboard in Resources */,
				61208AA4235054D200271BF7 /* Podfile in Resources */,
			);
			runOnlyForDeploymentPostprocessing = 0;
		};
		6146115C233AFFDF003DCBEC /* Resources */ = {
			isa = PBXResourcesBuildPhase;
			buildActionMask = 2147483647;
			files = (
			);
			runOnlyForDeploymentPostprocessing = 0;
		};
		61461167233AFFDF003DCBEC /* Resources */ = {
			isa = PBXResourcesBuildPhase;
			buildActionMask = 2147483647;
			files = (
			);
			runOnlyForDeploymentPostprocessing = 0;
		};
/* End PBXResourcesBuildPhase section */

/* Begin PBXShellScriptBuildPhase section */
		20C2212AA707A4E3F48E48A0 /* [CP] Check Pods Manifest.lock */ = {
			isa = PBXShellScriptBuildPhase;
			buildActionMask = 2147483647;
			files = (
			);
			inputFileListPaths = (
			);
			inputPaths = (
				"${PODS_PODFILE_DIR_PATH}/Podfile.lock",
				"${PODS_ROOT}/Manifest.lock",
			);
			name = "[CP] Check Pods Manifest.lock";
			outputFileListPaths = (
			);
			outputPaths = (
				"$(DERIVED_FILE_DIR)/Pods-enpit_maxuv-checkManifestLockResult.txt",
			);
			runOnlyForDeploymentPostprocessing = 0;
			shellPath = /bin/sh;
			shellScript = "diff \"${PODS_PODFILE_DIR_PATH}/Podfile.lock\" \"${PODS_ROOT}/Manifest.lock\" > /dev/null\nif [ $? != 0 ] ; then\n    # print error to STDERR\n    echo \"error: The sandbox is not in sync with the Podfile.lock. Run 'pod install' or update your CocoaPods installation.\" >&2\n    exit 1\nfi\n# This output is used by Xcode 'outputs' to avoid re-running this script phase.\necho \"SUCCESS\" > \"${SCRIPT_OUTPUT_FILE_0}\"\n";
			showEnvVarsInLog = 0;
		};
		6C565320AB29A6531DE87646 /* [CP] Embed Pods Frameworks */ = {
			isa = PBXShellScriptBuildPhase;
			buildActionMask = 2147483647;
			files = (
			);
			inputFileListPaths = (
				"${PODS_ROOT}/Target Support Files/Pods-enpit_maxuv/Pods-enpit_maxuv-frameworks-${CONFIGURATION}-input-files.xcfilelist",
			);
			name = "[CP] Embed Pods Frameworks";
			outputFileListPaths = (
				"${PODS_ROOT}/Target Support Files/Pods-enpit_maxuv/Pods-enpit_maxuv-frameworks-${CONFIGURATION}-output-files.xcfilelist",
			);
			runOnlyForDeploymentPostprocessing = 0;
			shellPath = /bin/sh;
			shellScript = "\"${PODS_ROOT}/Target Support Files/Pods-enpit_maxuv/Pods-enpit_maxuv-frameworks.sh\"\n";
			showEnvVarsInLog = 0;
		};
/* End PBXShellScriptBuildPhase section */

/* Begin PBXSourcesBuildPhase section */
		61461144233AFFDE003DCBEC /* Sources */ = {
			isa = PBXSourcesBuildPhase;
			buildActionMask = 2147483647;
			files = (
				61208AA223504A7900271BF7 /* testViewController.swift in Sources */,
				61461150233AFFDE003DCBEC /* ViewController.swift in Sources */,
				6146114C233AFFDE003DCBEC /* AppDelegate.swift in Sources */,
				615A83A82347774B00F07F4E /* BookViewController.swift in Sources */,
				6146114E233AFFDE003DCBEC /* SceneDelegate.swift in Sources */,
				615A83A6234774E200F07F4E /* AddController.swift in Sources */,
			);
			runOnlyForDeploymentPostprocessing = 0;
		};
		6146115A233AFFDF003DCBEC /* Sources */ = {
			isa = PBXSourcesBuildPhase;
			buildActionMask = 2147483647;
			files = (
				61461163233AFFDF003DCBEC /* enpit_test2_pgTests.swift in Sources */,
			);
			runOnlyForDeploymentPostprocessing = 0;
		};
		61461165233AFFDF003DCBEC /* Sources */ = {
			isa = PBXSourcesBuildPhase;
			buildActionMask = 2147483647;
			files = (
				6146116E233AFFDF003DCBEC /* enpit_test2_pgUITests.swift in Sources */,
			);
			runOnlyForDeploymentPostprocessing = 0;
		};
/* End PBXSourcesBuildPhase section */

/* Begin PBXTargetDependency section */
		61461160233AFFDF003DCBEC /* PBXTargetDependency */ = {
			isa = PBXTargetDependency;
			target = 61461147233AFFDE003DCBEC /* enpit_maxuv */;
			targetProxy = 6146115F233AFFDF003DCBEC /* PBXContainerItemProxy */;
		};
		6146116B233AFFDF003DCBEC /* PBXTargetDependency */ = {
			isa = PBXTargetDependency;
			target = 61461147233AFFDE003DCBEC /* enpit_maxuv */;
			targetProxy = 6146116A233AFFDF003DCBEC /* PBXContainerItemProxy */;
		};
/* End PBXTargetDependency section */

/* Begin PBXVariantGroup section */
		61461151233AFFDE003DCBEC /* Main.storyboard */ = {
			isa = PBXVariantGroup;
			children = (
				61461152233AFFDE003DCBEC /* Base */,
			);
			name = Main.storyboard;
			sourceTree = "<group>";
		};
		61461156233AFFDF003DCBEC /* LaunchScreen.storyboard */ = {
			isa = PBXVariantGroup;
			children = (
				61461157233AFFDF003DCBEC /* Base */,
			);
			name = LaunchScreen.storyboard;
			sourceTree = "<group>";
		};
/* End PBXVariantGroup section */

/* Begin XCBuildConfiguration section */
		61461170233AFFDF003DCBEC /* Debug */ = {
			isa = XCBuildConfiguration;
			buildSettings = {
				ALWAYS_SEARCH_USER_PATHS = NO;
				CLANG_ANALYZER_NONNULL = YES;
				CLANG_ANALYZER_NUMBER_OBJECT_CONVERSION = YES_AGGRESSIVE;
				CLANG_CXX_LANGUAGE_STANDARD = "gnu++14";
				CLANG_CXX_LIBRARY = "libc++";
				CLANG_ENABLE_MODULES = YES;
				CLANG_ENABLE_OBJC_ARC = YES;
				CLANG_ENABLE_OBJC_WEAK = YES;
				CLANG_WARN_BLOCK_CAPTURE_AUTORELEASING = YES;
				CLANG_WARN_BOOL_CONVERSION = YES;
				CLANG_WARN_COMMA = YES;
				CLANG_WARN_CONSTANT_CONVERSION = YES;
				CLANG_WARN_DEPRECATED_OBJC_IMPLEMENTATIONS = YES;
				CLANG_WARN_DIRECT_OBJC_ISA_USAGE = YES_ERROR;
				CLANG_WARN_DOCUMENTATION_COMMENTS = YES;
				CLANG_WARN_EMPTY_BODY = YES;
				CLANG_WARN_ENUM_CONVERSION = YES;
				CLANG_WARN_INFINITE_RECURSION = YES;
				CLANG_WARN_INT_CONVERSION = YES;
				CLANG_WARN_NON_LITERAL_NULL_CONVERSION = YES;
				CLANG_WARN_OBJC_IMPLICIT_RETAIN_SELF = YES;
				CLANG_WARN_OBJC_LITERAL_CONVERSION = YES;
				CLANG_WARN_OBJC_ROOT_CLASS = YES_ERROR;
				CLANG_WARN_RANGE_LOOP_ANALYSIS = YES;
				CLANG_WARN_STRICT_PROTOTYPES = YES;
				CLANG_WARN_SUSPICIOUS_MOVE = YES;
				CLANG_WARN_UNGUARDED_AVAILABILITY = YES_AGGRESSIVE;
				CLANG_WARN_UNREACHABLE_CODE = YES;
				CLANG_WARN__DUPLICATE_METHOD_MATCH = YES;
				COPY_PHASE_STRIP = NO;
				DEBUG_INFORMATION_FORMAT = dwarf;
				ENABLE_STRICT_OBJC_MSGSEND = YES;
				ENABLE_TESTABILITY = YES;
				GCC_C_LANGUAGE_STANDARD = gnu11;
				GCC_DYNAMIC_NO_PIC = NO;
				GCC_NO_COMMON_BLOCKS = YES;
				GCC_OPTIMIZATION_LEVEL = 0;
				GCC_PREPROCESSOR_DEFINITIONS = (
					"DEBUG=1",
					"$(inherited)",
				);
				GCC_WARN_64_TO_32_BIT_CONVERSION = YES;
				GCC_WARN_ABOUT_RETURN_TYPE = YES_ERROR;
				GCC_WARN_UNDECLARED_SELECTOR = YES;
				GCC_WARN_UNINITIALIZED_AUTOS = YES_AGGRESSIVE;
				GCC_WARN_UNUSED_FUNCTION = YES;
				GCC_WARN_UNUSED_VARIABLE = YES;
				IPHONEOS_DEPLOYMENT_TARGET = 13.0;
				MTL_ENABLE_DEBUG_INFO = INCLUDE_SOURCE;
				MTL_FAST_MATH = YES;
				ONLY_ACTIVE_ARCH = YES;
				SDKROOT = iphoneos;
				SWIFT_ACTIVE_COMPILATION_CONDITIONS = DEBUG;
				SWIFT_OPTIMIZATION_LEVEL = "-Onone";
			};
			name = Debug;
		};
		61461171233AFFDF003DCBEC /* Release */ = {
			isa = XCBuildConfiguration;
			buildSettings = {
				ALWAYS_SEARCH_USER_PATHS = NO;
				CLANG_ANALYZER_NONNULL = YES;
				CLANG_ANALYZER_NUMBER_OBJECT_CONVERSION = YES_AGGRESSIVE;
				CLANG_CXX_LANGUAGE_STANDARD = "gnu++14";
				CLANG_CXX_LIBRARY = "libc++";
				CLANG_ENABLE_MODULES = YES;
				CLANG_ENABLE_OBJC_ARC = YES;
				CLANG_ENABLE_OBJC_WEAK = YES;
				CLANG_WARN_BLOCK_CAPTURE_AUTORELEASING = YES;
				CLANG_WARN_BOOL_CONVERSION = YES;
				CLANG_WARN_COMMA = YES;
				CLANG_WARN_CONSTANT_CONVERSION = YES;
				CLANG_WARN_DEPRECATED_OBJC_IMPLEMENTATIONS = YES;
				CLANG_WARN_DIRECT_OBJC_ISA_USAGE = YES_ERROR;
				CLANG_WARN_DOCUMENTATION_COMMENTS = YES;
				CLANG_WARN_EMPTY_BODY = YES;
				CLANG_WARN_ENUM_CONVERSION = YES;
				CLANG_WARN_INFINITE_RECURSION = YES;
				CLANG_WARN_INT_CONVERSION = YES;
				CLANG_WARN_NON_LITERAL_NULL_CONVERSION = YES;
				CLANG_WARN_OBJC_IMPLICIT_RETAIN_SELF = YES;
				CLANG_WARN_OBJC_LITERAL_CONVERSION = YES;
				CLANG_WARN_OBJC_ROOT_CLASS = YES_ERROR;
				CLANG_WARN_RANGE_LOOP_ANALYSIS = YES;
				CLANG_WARN_STRICT_PROTOTYPES = YES;
				CLANG_WARN_SUSPICIOUS_MOVE = YES;
				CLANG_WARN_UNGUARDED_AVAILABILITY = YES_AGGRESSIVE;
				CLANG_WARN_UNREACHABLE_CODE = YES;
				CLANG_WARN__DUPLICATE_METHOD_MATCH = YES;
				COPY_PHASE_STRIP = NO;
				DEBUG_INFORMATION_FORMAT = "dwarf-with-dsym";
				ENABLE_NS_ASSERTIONS = NO;
				ENABLE_STRICT_OBJC_MSGSEND = YES;
				GCC_C_LANGUAGE_STANDARD = gnu11;
				GCC_NO_COMMON_BLOCKS = YES;
				GCC_WARN_64_TO_32_BIT_CONVERSION = YES;
				GCC_WARN_ABOUT_RETURN_TYPE = YES_ERROR;
				GCC_WARN_UNDECLARED_SELECTOR = YES;
				GCC_WARN_UNINITIALIZED_AUTOS = YES_AGGRESSIVE;
				GCC_WARN_UNUSED_FUNCTION = YES;
				GCC_WARN_UNUSED_VARIABLE = YES;
				IPHONEOS_DEPLOYMENT_TARGET = 13.0;
				MTL_ENABLE_DEBUG_INFO = NO;
				MTL_FAST_MATH = YES;
				SDKROOT = iphoneos;
				SWIFT_COMPILATION_MODE = wholemodule;
				SWIFT_OPTIMIZATION_LEVEL = "-O";
				VALIDATE_PRODUCT = YES;
			};
			name = Release;
		};
		61461173233AFFDF003DCBEC /* Debug */ = {
			isa = XCBuildConfiguration;
			baseConfigurationReference = 504EF1EE2BBD5BA7182AA831 /* Pods-enpit_maxuv.debug.xcconfig */;
			buildSettings = {
				ASSETCATALOG_COMPILER_APPICON_NAME = AppIcon;
				CODE_SIGN_STYLE = Automatic;
				DEVELOPMENT_TEAM = 6U5TA7SYQ5;
				INFOPLIST_FILE = enpit_test2_pg/Info.plist;
				LD_RUNPATH_SEARCH_PATHS = (
					"$(inherited)",
					"@executable_path/Frameworks",
				);
				PRODUCT_BUNDLE_IDENTIFIER = "uekazu.enpit-test2-pg";
				PRODUCT_NAME = BookLog;
				SWIFT_VERSION = 5.0;
				TARGETED_DEVICE_FAMILY = "1,2";
			};
			name = Debug;
		};
		61461174233AFFDF003DCBEC /* Release */ = {
			isa = XCBuildConfiguration;
			baseConfigurationReference = D34D65EB0181BE3E2A33AEEC /* Pods-enpit_maxuv.release.xcconfig */;
			buildSettings = {
				ASSETCATALOG_COMPILER_APPICON_NAME = AppIcon;
				CODE_SIGN_STYLE = Automatic;
				DEVELOPMENT_TEAM = 6U5TA7SYQ5;
				INFOPLIST_FILE = enpit_test2_pg/Info.plist;
				LD_RUNPATH_SEARCH_PATHS = (
					"$(inherited)",
					"@executable_path/Frameworks",
				);
				PRODUCT_BUNDLE_IDENTIFIER = "uekazu.enpit-test2-pg";
				PRODUCT_NAME = BookLog;
				SWIFT_VERSION = 5.0;
				TARGETED_DEVICE_FAMILY = "1,2";
			};
			name = Release;
		};
		61461176233AFFDF003DCBEC /* Debug */ = {
			isa = XCBuildConfiguration;
			buildSettings = {
				ALWAYS_EMBED_SWIFT_STANDARD_LIBRARIES = YES;
				BUNDLE_LOADER = "$(TEST_HOST)";
				CODE_SIGN_STYLE = Automatic;
				INFOPLIST_FILE = enpit_test2_pgTests/Info.plist;
				IPHONEOS_DEPLOYMENT_TARGET = 13.0;
				LD_RUNPATH_SEARCH_PATHS = (
					"$(inherited)",
					"@executable_path/Frameworks",
					"@loader_path/Frameworks",
				);
				PRODUCT_BUNDLE_IDENTIFIER = "uekazu.enpit-test2-pgTests";
				PRODUCT_NAME = "$(TARGET_NAME)";
				SWIFT_VERSION = 5.0;
				TARGETED_DEVICE_FAMILY = "1,2";
				TEST_HOST = "$(BUILT_PRODUCTS_DIR)/enpit_maxuv.app/enpit_maxuv";
			};
			name = Debug;
		};
		61461177233AFFDF003DCBEC /* Release */ = {
			isa = XCBuildConfiguration;
			buildSettings = {
				ALWAYS_EMBED_SWIFT_STANDARD_LIBRARIES = YES;
				BUNDLE_LOADER = "$(TEST_HOST)";
				CODE_SIGN_STYLE = Automatic;
				INFOPLIST_FILE = enpit_test2_pgTests/Info.plist;
				IPHONEOS_DEPLOYMENT_TARGET = 13.0;
				LD_RUNPATH_SEARCH_PATHS = (
					"$(inherited)",
					"@executable_path/Frameworks",
					"@loader_path/Frameworks",
				);
				PRODUCT_BUNDLE_IDENTIFIER = "uekazu.enpit-test2-pgTests";
				PRODUCT_NAME = "$(TARGET_NAME)";
				SWIFT_VERSION = 5.0;
				TARGETED_DEVICE_FAMILY = "1,2";
				TEST_HOST = "$(BUILT_PRODUCTS_DIR)/enpit_maxuv.app/enpit_maxuv";
			};
			name = Release;
		};
		61461179233AFFDF003DCBEC /* Debug */ = {
			isa = XCBuildConfiguration;
			buildSettings = {
				ALWAYS_EMBED_SWIFT_STANDARD_LIBRARIES = YES;
				CODE_SIGN_STYLE = Automatic;
				INFOPLIST_FILE = enpit_test2_pgUITests/Info.plist;
				LD_RUNPATH_SEARCH_PATHS = (
					"$(inherited)",
					"@executable_path/Frameworks",
					"@loader_path/Frameworks",
				);
				PRODUCT_BUNDLE_IDENTIFIER = "uekazu.enpit-test2-pgUITests";
				PRODUCT_NAME = "$(TARGET_NAME)";
				SWIFT_VERSION = 5.0;
				TARGETED_DEVICE_FAMILY = "1,2";
				TEST_TARGET_NAME = enpit_test2_pg;
			};
			name = Debug;
		};
		6146117A233AFFDF003DCBEC /* Release */ = {
			isa = XCBuildConfiguration;
			buildSettings = {
				ALWAYS_EMBED_SWIFT_STANDARD_LIBRARIES = YES;
				CODE_SIGN_STYLE = Automatic;
				INFOPLIST_FILE = enpit_test2_pgUITests/Info.plist;
				LD_RUNPATH_SEARCH_PATHS = (
					"$(inherited)",
					"@executable_path/Frameworks",
					"@loader_path/Frameworks",
				);
				PRODUCT_BUNDLE_IDENTIFIER = "uekazu.enpit-test2-pgUITests";
				PRODUCT_NAME = "$(TARGET_NAME)";
				SWIFT_VERSION = 5.0;
				TARGETED_DEVICE_FAMILY = "1,2";
				TEST_TARGET_NAME = enpit_test2_pg;
			};
			name = Release;
		};
/* End XCBuildConfiguration section */

/* Begin XCConfigurationList section */
		61461143233AFFDE003DCBEC /* Build configuration list for PBXProject "enpit_maxuv" */ = {
			isa = XCConfigurationList;
			buildConfigurations = (
				61461170233AFFDF003DCBEC /* Debug */,
				61461171233AFFDF003DCBEC /* Release */,
			);
			defaultConfigurationIsVisible = 0;
			defaultConfigurationName = Release;
		};
		61461172233AFFDF003DCBEC /* Build configuration list for PBXNativeTarget "enpit_maxuv" */ = {
			isa = XCConfigurationList;
			buildConfigurations = (
				61461173233AFFDF003DCBEC /* Debug */,
				61461174233AFFDF003DCBEC /* Release */,
			);
			defaultConfigurationIsVisible = 0;
			defaultConfigurationName = Release;
		};
		61461175233AFFDF003DCBEC /* Build configuration list for PBXNativeTarget "enpit_maxuvTests" */ = {
			isa = XCConfigurationList;
			buildConfigurations = (
				61461176233AFFDF003DCBEC /* Debug */,
				61461177233AFFDF003DCBEC /* Release */,
			);
			defaultConfigurationIsVisible = 0;
			defaultConfigurationName = Release;
		};
		61461178233AFFDF003DCBEC /* Build configuration list for PBXNativeTarget "enpit_maxuvUITests" */ = {
			isa = XCConfigurationList;
			buildConfigurations = (
				61461179233AFFDF003DCBEC /* Debug */,
				6146117A233AFFDF003DCBEC /* Release */,
			);
			defaultConfigurationIsVisible = 0;
			defaultConfigurationName = Release;
		};
/* End XCConfigurationList section */
	};
	rootObject = 61461140233AFFDE003DCBEC /* Project object */;
}
